
Microsoft Visual Studio Solution File, Format Version 12.00
# Visual Studio Version 17
VisualStudioVersion = 17.3.32819.101
MinimumVisualStudioVersion = 10.0.40219.1
Project("{FAE04EC0-301F-11D3-BF4B-00C04F79EFBC}") = "APIEKS", "APIEKS.csproj", "{4D9262DA-038A-48D0-B9EC-D6F7B5206C8B}"
EndProject
Global
	GlobalSection(SolutionConfigurationPlatforms) = preSolution
		Debug|Any CPU = Debug|Any CPU
		Release|Any CPU = Release|Any CPU
	EndGlobalSection
	GlobalSection(ProjectConfigurationPlatforms) = postSolution
		{4D9262DA-038A-48D0-B9EC-D6F7B5206C8B}.Debug|Any CPU.ActiveCfg = Debug|Any CPU
		{4D9262DA-038A-48D0-B9EC-D6F7B5206C8B}.Debug|Any CPU.Build.0 = Debug|Any CPU
		{4D9262DA-038A-48D0-B9EC-D6F7B5206C8B}.Release|Any CPU.ActiveCfg = Release|Any CPU
		{4D9262DA-038A-48D0-B9EC-D6F7B5206C8B}.Release|Any CPU.Build.0 = Release|Any CPU
	EndGlobalSection
	GlobalSection(SolutionProperties) = preSolution
		HideSolutionNode = FALSE
	EndGlobalSection
	GlobalSection(ExtensibilityGlobals) = postSolution
		SolutionGuid = {859C55DB-5D71-4400-A4BA-8634BE7A14BC}
	EndGlobalSection
EndGlobal
